
Microsoft Visual Studio Solution File, Format Version 12.00
# Visual Studio Version 16
VisualStudioVersion = 16.0.33214.272
MinimumVisualStudioVersion = 10.0.40219.1
Project("{FAE04EC0-301F-11D3-BF4B-00C04F79EFBC}") = "Sovyak_Lab04", "Sovyak_Lab04\Sovyak_Lab04.csproj", "{726F1A59-F068-4B8E-9B44-320AB993C7F5}"
EndProject
Global
	GlobalSection(SolutionConfigurationPlatforms) = preSolution
		Debug|Any CPU = Debug|Any CPU
		Release|Any CPU = Release|Any CPU
	EndGlobalSection
	GlobalSection(ProjectConfigurationPlatforms) = postSolution
		{726F1A59-F068-4B8E-9B44-320AB993C7F5}.Debug|Any CPU.ActiveCfg = Debug|Any CPU
		{726F1A59-F068-4B8E-9B44-320AB993C7F5}.Debug|Any CPU.Build.0 = Debug|Any CPU
		{726F1A59-F068-4B8E-9B44-320AB993C7F5}.Release|Any CPU.ActiveCfg = Release|Any CPU
		{726F1A59-F068-4B8E-9B44-320AB993C7F5}.Release|Any CPU.Build.0 = Release|Any CPU
	EndGlobalSection
	GlobalSection(SolutionProperties) = preSolution
		HideSolutionNode = FALSE
	EndGlobalSection
	GlobalSection(ExtensibilityGlobals) = postSolution
		SolutionGuid = {690941DD-517F-4ACE-BCB5-114F344F4EC7}
	EndGlobalSection
EndGlobal
